
Microsoft Visual Studio Solution File, Format Version 12.00
# Visual Studio Version 17
VisualStudioVersion = 17.11.35303.130
MinimumVisualStudioVersion = 10.0.40219.1
Project("{8BC9CEB8-8B4A-11D0-8D11-00A0C91BC942}") = "NortonEDR", "NortonEDR\NortonEDR.vcxproj", "{1FF9A512-E5E1-4D52-8C89-B40140E013ED}"
EndProject
Project("{8BC9CEB8-8B4A-11D0-8D11-00A0C91BC942}") = "NortonEDRDriver", "NortonEDRDriver\NortonEDRDriver.vcxproj", "{7F30FD83-588A-4DD4-BA52-6C671B45CA69}"
EndProject
Project("{8BC9CEB8-8B4A-11D0-8D11-00A0C91BC942}") = "NortonEDRHypervisor", "NortonEDRHypervisor\NortonEDRHypervisor.vcxproj", "{B4D73F92-1A6E-4C85-9E2D-0F7B3C8A4D61}"
EndProject
Project("{8BC9CEB8-8B4A-11D0-8D11-00A0C91BC942}") = "NortonEDRElam", "NortonEDRElam\NortonEDRElam.vcxproj", "{A3F21C84-7E6B-4D92-B5A1-8C3D9F0E2B47}"
EndProject
Project("{8BC9CEB8-8B4A-11D0-8D11-00A0C91BC942}") = "HookDll", "HookDll\HookDll.vcxproj", "{B7E1D4A2-9C3F-4B82-A1D0-E8F2C7A03B15}"
EndProject
Project("{8BC9CEB8-8B4A-11D0-8D11-00A0C91BC942}") = "AmsiProvider", "AmsiProvider\AmsiProvider.vcxproj", "{A4F2C8E1-7B3D-4F91-92A0-D5C6E8F10234}"
EndProject
Global
	GlobalSection(SolutionConfigurationPlatforms) = preSolution
		Debug|x64 = Debug|x64
		Release|x64 = Release|x64
	EndGlobalSection
	GlobalSection(ProjectConfigurationPlatforms) = postSolution
		{1FF9A512-E5E1-4D52-8C89-B40140E013ED}.Debug|x64.ActiveCfg = Debug|x64
		{1FF9A512-E5E1-4D52-8C89-B40140E013ED}.Debug|x64.Build.0 = Debug|x64
		{1FF9A512-E5E1-4D52-8C89-B40140E013ED}.Release|x64.ActiveCfg = Release|x64
		{1FF9A512-E5E1-4D52-8C89-B40140E013ED}.Release|x64.Build.0 = Release|x64
		{7F30FD83-588A-4DD4-BA52-6C671B45CA69}.Debug|x64.ActiveCfg = Debug|x64
		{7F30FD83-588A-4DD4-BA52-6C671B45CA69}.Debug|x64.Build.0 = Debug|x64
		{7F30FD83-588A-4DD4-BA52-6C671B45CA69}.Release|x64.ActiveCfg = Release|x64
		{7F30FD83-588A-4DD4-BA52-6C671B45CA69}.Release|x64.Build.0 = Release|x64
		{B4D73F92-1A6E-4C85-9E2D-0F7B3C8A4D61}.Debug|x64.ActiveCfg = Debug|x64
		{B4D73F92-1A6E-4C85-9E2D-0F7B3C8A4D61}.Debug|x64.Build.0 = Debug|x64
		{B4D73F92-1A6E-4C85-9E2D-0F7B3C8A4D61}.Release|x64.ActiveCfg = Release|x64
		{B4D73F92-1A6E-4C85-9E2D-0F7B3C8A4D61}.Release|x64.Build.0 = Release|x64
		{A3F21C84-7E6B-4D92-B5A1-8C3D9F0E2B47}.Debug|x64.ActiveCfg = Debug|x64
		{A3F21C84-7E6B-4D92-B5A1-8C3D9F0E2B47}.Debug|x64.Build.0 = Debug|x64
		{A3F21C84-7E6B-4D92-B5A1-8C3D9F0E2B47}.Release|x64.ActiveCfg = Release|x64
		{A3F21C84-7E6B-4D92-B5A1-8C3D9F0E2B47}.Release|x64.Build.0 = Release|x64
		{B7E1D4A2-9C3F-4B82-A1D0-E8F2C7A03B15}.Debug|x64.ActiveCfg = Debug|x64
		{B7E1D4A2-9C3F-4B82-A1D0-E8F2C7A03B15}.Debug|x64.Build.0 = Debug|x64
		{B7E1D4A2-9C3F-4B82-A1D0-E8F2C7A03B15}.Release|x64.ActiveCfg = Release|x64
		{B7E1D4A2-9C3F-4B82-A1D0-E8F2C7A03B15}.Release|x64.Build.0 = Release|x64
		{A4F2C8E1-7B3D-4F91-92A0-D5C6E8F10234}.Debug|x64.ActiveCfg = Debug|x64
		{A4F2C8E1-7B3D-4F91-92A0-D5C6E8F10234}.Debug|x64.Build.0 = Debug|x64
		{A4F2C8E1-7B3D-4F91-92A0-D5C6E8F10234}.Release|x64.ActiveCfg = Release|x64
		{A4F2C8E1-7B3D-4F91-92A0-D5C6E8F10234}.Release|x64.Build.0 = Release|x64
	EndGlobalSection
	GlobalSection(SolutionProperties) = preSolution
		HideSolutionNode = FALSE
	EndGlobalSection
EndGlobal
